Microsoft Visual Studio Solution File, Format Version 11.00
# Visual Studio 2008

Project("{122B7190-0BE1-EEC7-42CE-5D265E977217}") = "The Market at Youghal", "Assembly-CSharp-vs.csproj", "{A1801051-0B03-7319-883A-A4C662D394D4}"
EndProject
Global
	GlobalSection(SolutionConfigurationPlatforms) = preSolution
		Debug|Any CPU = Debug|Any CPU
		Release|Any CPU = Release|Any CPU
	EndGlobalSection
	GlobalSection(ProjectConfigurationPlatforms) = postSolution
		{A1801051-0B03-7319-883A-A4C662D394D4}.Debug|Any CPU.ActiveCfg = Debug|Any CPU
		{A1801051-0B03-7319-883A-A4C662D394D4}.Debug|Any CPU.Build.0 = Debug|Any CPU
		{A1801051-0B03-7319-883A-A4C662D394D4}.Release|Any CPU.ActiveCfg = Release|Any CPU
		{A1801051-0B03-7319-883A-A4C662D394D4}.Release|Any CPU.Build.0 = Release|Any CPU
	EndGlobalSection
	GlobalSection(SolutionProperties) = preSolution
		HideSolutionNode = FALSE
	EndGlobalSection
																																																																																																																				GlobalSection(MonoDevelopProperties) = preSolution
		StartupItem = Assembly-CSharp.csproj
		Policies = $0
		$0.TextStylePolicy = $1
		$1.inheritsSet = null
		$1.scope = text/x-csharp
		$0.CSharpFormattingPolicy = $2
		$2.inheritsSet = Mono
		$2.inheritsScope = text/x-csharp
		$2.scope = text/x-csharp
		$0.TextStylePolicy = $3
		$3.FileWidth = 120
		$3.TabWidth = 4
		$3.EolMarker = Unix
		$3.inheritsSet = Mono
		$3.inheritsScope = text/plain
		$3.scope = text/plain
	EndGlobalSection

EndGlobal
